
Microsoft Visual Studio Solution File, Format Version 12.00
# Visual Studio Version 16
VisualStudioVersion = 16.0.29728.190
MinimumVisualStudioVersion = 10.0.40219.1
Project("{FAE04EC0-301F-11D3-BF4B-00C04F79EFBC}") = "lab2", "lab2\lab2.csproj", "{2F7B0B17-D953-4067-8849-B12B684E1506}"
EndProject
Global
	GlobalSection(SolutionConfigurationPlatforms) = preSolution
		Debug|Any CPU = Debug|Any CPU
		Release|Any CPU = Release|Any CPU
	EndGlobalSection
	GlobalSection(ProjectConfigurationPlatforms) = postSolution
		{2F7B0B17-D953-4067-8849-B12B684E1506}.Debug|Any CPU.ActiveCfg = Debug|Any CPU
		{2F7B0B17-D953-4067-8849-B12B684E1506}.Debug|Any CPU.Build.0 = Debug|Any CPU
		{2F7B0B17-D953-4067-8849-B12B684E1506}.Release|Any CPU.ActiveCfg = Release|Any CPU
		{2F7B0B17-D953-4067-8849-B12B684E1506}.Release|Any CPU.Build.0 = Release|Any CPU
	EndGlobalSection
	GlobalSection(SolutionProperties) = preSolution
		HideSolutionNode = FALSE
	EndGlobalSection
	GlobalSection(ExtensibilityGlobals) = postSolution
		SolutionGuid = {011CEE53-C978-4339-8B88-8508D182D511}
	EndGlobalSection
EndGlobal
