
Microsoft Visual Studio Solution File, Format Version 12.00
# Visual Studio Version 16
VisualStudioVersion = 16.0.29728.190
MinimumVisualStudioVersion = 10.0.40219.1
Project("{FAE04EC0-301F-11D3-BF4B-00C04F79EFBC}") = "lab7-8", "lab7-8\lab7-8.csproj", "{40007C97-9A5C-41C4-9DA2-8A103CC44CCE}"
EndProject
Global
	GlobalSection(SolutionConfigurationPlatforms) = preSolution
		Debug|Any CPU = Debug|Any CPU
		Release|Any CPU = Release|Any CPU
	EndGlobalSection
	GlobalSection(ProjectConfigurationPlatforms) = postSolution
		{40007C97-9A5C-41C4-9DA2-8A103CC44CCE}.Debug|Any CPU.ActiveCfg = Debug|Any CPU
		{40007C97-9A5C-41C4-9DA2-8A103CC44CCE}.Debug|Any CPU.Build.0 = Debug|Any CPU
		{40007C97-9A5C-41C4-9DA2-8A103CC44CCE}.Release|Any CPU.ActiveCfg = Release|Any CPU
		{40007C97-9A5C-41C4-9DA2-8A103CC44CCE}.Release|Any CPU.Build.0 = Release|Any CPU
	EndGlobalSection
	GlobalSection(SolutionProperties) = preSolution
		HideSolutionNode = FALSE
	EndGlobalSection
	GlobalSection(ExtensibilityGlobals) = postSolution
		SolutionGuid = {D9B3F071-BDB3-465E-938B-48783B89D8CD}
	EndGlobalSection
EndGlobal
